
Microsoft Visual Studio Solution File, Format Version 12.00
# Visual Studio Version 17
VisualStudioVersion = 17.7.34031.279
MinimumVisualStudioVersion = 10.0.40219.1
Project("{8BC9CEB8-8B4A-11D0-8D11-00A0C91BC942}") = "Расстояние от точки до отрезка", "Расстояние от точки до отрезка\Расстояние от точки до отрезка.vcxproj", "{532BEEC6-1E06-495A-9F48-16D5F2350B4B}"
EndProject
Global
	GlobalSection(SolutionConfigurationPlatforms) = preSolution
		Debug|x64 = Debug|x64
		Debug|x86 = Debug|x86
		Release|x64 = Release|x64
		Release|x86 = Release|x86
	EndGlobalSection
	GlobalSection(ProjectConfigurationPlatforms) = postSolution
		{532BEEC6-1E06-495A-9F48-16D5F2350B4B}.Debug|x64.ActiveCfg = Debug|x64
		{532BEEC6-1E06-495A-9F48-16D5F2350B4B}.Debug|x64.Build.0 = Debug|x64
		{532BEEC6-1E06-495A-9F48-16D5F2350B4B}.Debug|x86.ActiveCfg = Debug|Win32
		{532BEEC6-1E06-495A-9F48-16D5F2350B4B}.Debug|x86.Build.0 = Debug|Win32
		{532BEEC6-1E06-495A-9F48-16D5F2350B4B}.Release|x64.ActiveCfg = Release|x64
		{532BEEC6-1E06-495A-9F48-16D5F2350B4B}.Release|x64.Build.0 = Release|x64
		{532BEEC6-1E06-495A-9F48-16D5F2350B4B}.Release|x86.ActiveCfg = Release|Win32
		{532BEEC6-1E06-495A-9F48-16D5F2350B4B}.Release|x86.Build.0 = Release|Win32
	EndGlobalSection
	GlobalSection(SolutionProperties) = preSolution
		HideSolutionNode = FALSE
	EndGlobalSection
	GlobalSection(ExtensibilityGlobals) = postSolution
		SolutionGuid = {BA015C27-A027-4AFE-8C57-3172AA75A578}
	EndGlobalSection
EndGlobal
