
Microsoft Visual Studio Solution File, Format Version 12.00
# Visual Studio Version 17
VisualStudioVersion = 17.7.34031.279
MinimumVisualStudioVersion = 10.0.40219.1
Project("{8BC9CEB8-8B4A-11D0-8D11-00A0C91BC942}") = "Поезда класс", "Поезда класс\Поезда класс.vcxproj", "{A52213D2-5B11-4139-89CC-0E14212CBB77}"
EndProject
Project("{2150E333-8FDC-42A3-9474-1A3956D46DE8}") = "Элементы решения", "Элементы решения", "{443BF393-B30B-4611-B9BC-BDA9AAC17A46}"
	ProjectSection(SolutionItems) = preProject
		Поезда класс\sorted_trains.txt = Поезда класс\sorted_trains.txt
	EndProjectSection
EndProject
Global
	GlobalSection(SolutionConfigurationPlatforms) = preSolution
		Debug|x64 = Debug|x64
		Debug|x86 = Debug|x86
		Release|x64 = Release|x64
		Release|x86 = Release|x86
	EndGlobalSection
	GlobalSection(ProjectConfigurationPlatforms) = postSolution
		{A52213D2-5B11-4139-89CC-0E14212CBB77}.Debug|x64.ActiveCfg = Debug|x64
		{A52213D2-5B11-4139-89CC-0E14212CBB77}.Debug|x64.Build.0 = Debug|x64
		{A52213D2-5B11-4139-89CC-0E14212CBB77}.Debug|x86.ActiveCfg = Debug|Win32
		{A52213D2-5B11-4139-89CC-0E14212CBB77}.Debug|x86.Build.0 = Debug|Win32
		{A52213D2-5B11-4139-89CC-0E14212CBB77}.Release|x64.ActiveCfg = Release|x64
		{A52213D2-5B11-4139-89CC-0E14212CBB77}.Release|x64.Build.0 = Release|x64
		{A52213D2-5B11-4139-89CC-0E14212CBB77}.Release|x86.ActiveCfg = Release|Win32
		{A52213D2-5B11-4139-89CC-0E14212CBB77}.Release|x86.Build.0 = Release|Win32
	EndGlobalSection
	GlobalSection(SolutionProperties) = preSolution
		HideSolutionNode = FALSE
	EndGlobalSection
	GlobalSection(ExtensibilityGlobals) = postSolution
		SolutionGuid = {5B6D7C53-1339-4564-918F-574CA153402B}
	EndGlobalSection
EndGlobal
