
Microsoft Visual Studio Solution File, Format Version 12.00
# Visual Studio Version 17
VisualStudioVersion = 17.7.34031.279
MinimumVisualStudioVersion = 10.0.40219.1
Project("{8BC9CEB8-8B4A-11D0-8D11-00A0C91BC942}") = "Классная Работа 04.12.23", "Классная Работа 04.12.23\Классная Работа 04.12.23.vcxproj", "{60832241-0FEA-49A8-BCE6-1BBBA7B77436}"
EndProject
Global
	GlobalSection(SolutionConfigurationPlatforms) = preSolution
		Debug|x64 = Debug|x64
		Debug|x86 = Debug|x86
		Release|x64 = Release|x64
		Release|x86 = Release|x86
	EndGlobalSection
	GlobalSection(ProjectConfigurationPlatforms) = postSolution
		{60832241-0FEA-49A8-BCE6-1BBBA7B77436}.Debug|x64.ActiveCfg = Debug|x64
		{60832241-0FEA-49A8-BCE6-1BBBA7B77436}.Debug|x64.Build.0 = Debug|x64
		{60832241-0FEA-49A8-BCE6-1BBBA7B77436}.Debug|x86.ActiveCfg = Debug|Win32
		{60832241-0FEA-49A8-BCE6-1BBBA7B77436}.Debug|x86.Build.0 = Debug|Win32
		{60832241-0FEA-49A8-BCE6-1BBBA7B77436}.Release|x64.ActiveCfg = Release|x64
		{60832241-0FEA-49A8-BCE6-1BBBA7B77436}.Release|x64.Build.0 = Release|x64
		{60832241-0FEA-49A8-BCE6-1BBBA7B77436}.Release|x86.ActiveCfg = Release|Win32
		{60832241-0FEA-49A8-BCE6-1BBBA7B77436}.Release|x86.Build.0 = Release|Win32
	EndGlobalSection
	GlobalSection(SolutionProperties) = preSolution
		HideSolutionNode = FALSE
	EndGlobalSection
	GlobalSection(ExtensibilityGlobals) = postSolution
		SolutionGuid = {DC99A3B7-012A-4FC8-9BA5-1A13655EFCBD}
	EndGlobalSection
EndGlobal
